
Microsoft Visual Studio Solution File, Format Version 12.00
# Visual Studio Version 17
VisualStudioVersion = 17.5.002.0
MinimumVisualStudioVersion = 10.0.40219.1
Project("{9A19103F-16F7-4668-BE54-9A1E7A4F7556}") = "Banque", "Banque.csproj", "{AFD2C4CD-5402-430F-BB5A-D87D4EBF28B2}"
EndProject
Global
	GlobalSection(SolutionConfigurationPlatforms) = preSolution
		Debug|Any CPU = Debug|Any CPU
		Release|Any CPU = Release|Any CPU
	EndGlobalSection
	GlobalSection(ProjectConfigurationPlatforms) = postSolution
		{AFD2C4CD-5402-430F-BB5A-D87D4EBF28B2}.Debug|Any CPU.ActiveCfg = Debug|Any CPU
		{AFD2C4CD-5402-430F-BB5A-D87D4EBF28B2}.Debug|Any CPU.Build.0 = Debug|Any CPU
		{AFD2C4CD-5402-430F-BB5A-D87D4EBF28B2}.Release|Any CPU.ActiveCfg = Release|Any CPU
		{AFD2C4CD-5402-430F-BB5A-D87D4EBF28B2}.Release|Any CPU.Build.0 = Release|Any CPU
	EndGlobalSection
	GlobalSection(SolutionProperties) = preSolution
		HideSolutionNode = FALSE
	EndGlobalSection
	GlobalSection(ExtensibilityGlobals) = postSolution
		SolutionGuid = {63796D11-2439-4FA3-A1F1-9F20917D0DAA}
	EndGlobalSection
EndGlobal
